// !$*UTF8*$!
{
	archiveVersion = 1;
	classes = {
	};
	objectVersion = 46;
	objects = {

/* Begin PBXBuildFile section */
		E9FB82BA1B1311E40036FC94 /* main.m in Sources */ = {isa = PBXBuildFile; fileRef = E9FB82B91B1311E40036FC94 /* main.m */; };
		E9FB82BD1B1311E40036FC94 /* AppDelegate.m in Sources */ = {isa = PBXBuildFile; fileRef = E9FB82BC1B1311E40036FC94 /* AppDelegate.m */; };
		E9FB82C01B1311E40036FC94 /* ViewController.m in Sources */ = {isa = PBXBuildFile; fileRef = E9FB82BF1B1311E40036FC94 /* ViewController.m */; };
		E9FB82C31B1311E40036FC94 /* Main.storyboard in Resources */ = {isa = PBXBuildFile; fileRef = E9FB82C11B1311E40036FC94 /* Main.storyboard */; };
		E9FB82C51B1311E40036FC94 /* Images.xcassets in Resources */ = {isa = PBXBuildFile; fileRef = E9FB82C41B1311E40036FC94 /* Images.xcassets */; };
		E9FB82C81B1311E40036FC94 /* LaunchScreen.xib in Resources */ = {isa = PBXBuildFile; fileRef = E9FB82C61B1311E40036FC94 /* LaunchScreen.xib */; };
		E9FB82D41B1311E40036FC94 /* NewBankNativeAppTests.m in Sources */ = {isa = PBXBuildFile; fileRef = E9FB82D31B1311E40036FC94 /* NewBankNativeAppTests.m */; };
/* End PBXBuildFile section */

/* Begin PBXContainerItemProxy section */
		E9FB82CE1B1311E40036FC94 /* PBXContainerItemProxy */ = {
			isa = PBXContainerItemProxy;
			containerPortal = E9FB82AC1B1311E40036FC94 /* Project object */;
			proxyType = 1;
			remoteGlobalIDString = E9FB82B31B1311E40036FC94;
			remoteInfo = NewBankNativeApp;
		};
/* End PBXContainerItemProxy section */

/* Begin PBXFileReference section */
		E9FB82B41B1311E40036FC94 /* NewBankNativeApp.app */ = {isa = PBXFileReference; explicitFileType = wrapper.application; includeInIndex = 0; path = NewBankNativeApp.app; sourceTree = BUILT_PRODUCTS_DIR; };
		E9FB82B81B1311E40036FC94 /* Info.plist */ = {isa = PBXFileReference; lastKnownFileType = text.plist.xml; path = Info.plist; sourceTree = "<group>"; };
		E9FB82B91B1311E40036FC94 /* main.m */ = {isa = PBXFileReference; lastKnownFileType = sourcecode.c.objc; path = main.m; sourceTree = "<group>"; };
		E9FB82BB1B1311E40036FC94 /* AppDelegate.h */ = {isa = PBXFileReference; lastKnownFileType = sourcecode.c.h; path = AppDelegate.h; sourceTree = "<group>"; };
		E9FB82BC1B1311E40036FC94 /* AppDelegate.m */ = {isa = PBXFileReference; lastKnownFileType = sourcecode.c.objc; path = AppDelegate.m; sourceTree = "<group>"; };
		E9FB82BE1B1311E40036FC94 /* ViewController.h */ = {isa = PBXFileReference; lastKnownFileType = sourcecode.c.h; path = ViewController.h; sourceTree = "<group>"; };
		E9FB82BF1B1311E40036FC94 /* ViewController.m */ = {isa = PBXFileReference; lastKnownFileType = sourcecode.c.objc; path = ViewController.m; sourceTree = "<group>"; };
		E9FB82C21B1311E40036FC94 /* Base */ = {isa = PBXFileReference; lastKnownFileType = file.storyboard; name = Base; path = Base.lproj/Main.storyboard; sourceTree = "<group>"; };
		E9FB82C41B1311E40036FC94 /* Images.xcassets */ = {isa = PBXFileReference; lastKnownFileType = folder.assetcatalog; path = Images.xcassets; sourceTree = "<group>"; };
		E9FB82C71B1311E40036FC94 /* Base */ = {isa = PBXFileReference; lastKnownFileType = file.xib; name = Base; path = Base.lproj/LaunchScreen.xib; sourceTree = "<group>"; };
		E9FB82CD1B1311E40036FC94 /* NewBankNativeAppTests.xctest */ = {isa = PBXFileReference; explicitFileType = wrapper.cfbundle; includeInIndex = 0; path = NewBankNativeAppTests.xctest; sourceTree = BUILT_PRODUCTS_DIR; };
		E9FB82D21B1311E40036FC94 /* Info.plist */ = {isa = PBXFileReference; lastKnownFileType = text.plist.xml; path = Info.plist; sourceTree = "<group>"; };
		E9FB82D31B1311E40036FC94 /* NewBankNativeAppTests.m */ = {isa = PBXFileReference; lastKnownFileType = sourcecode.c.objc; path = NewBankNativeAppTests.m; sourceTree = "<group>"; };
/* End PBXFileReference section */

/* Begin PBXFrameworksBuildPhase section */
		E9FB82B11B1311E40036FC94 /* Frameworks */ = {
			isa = PBXFrameworksBuildPhase;
			buildActionMask = 2147483647;
			files = (
			);
			runOnlyForDeploymentPostprocessing = 0;
		};
		E9FB82CA1B1311E40036FC94 /* Frameworks */ = {
			isa = PBXFrameworksBuildPhase;
			buildActionMask = 2147483647;
			files = (
			);
			runOnlyForDeploymentPostprocessing = 0;
		};
/* End PBXFrameworksBuildPhase section */

/* Begin PBXGroup section */
		E9FB82AB1B1311E40036FC94 = {
			isa = PBXGroup;
			children = (
				E9FB82B61B1311E40036FC94 /* NewBankNativeApp */,
				E9FB82D01B1311E40036FC94 /* NewBankNativeAppTests */,
				E9FB82B51B1311E40036FC94 /* Products */,
			);
			sourceTree = "<group>";
		};
		E9FB82B51B1311E40036FC94 /* Products */ = {
			isa = PBXGroup;
			children = (
				E9FB82B41B1311E40036FC94 /* NewBankNativeApp.app */,
				E9FB82CD1B1311E40036FC94 /* NewBankNativeAppTests.xctest */,
			);
			name = Products;
			sourceTree = "<group>";
		};
		E9FB82B61B1311E40036FC94 /* NewBankNativeApp */ = {
			isa = PBXGroup;
			children = (
				E9FB82BB1B1311E40036FC94 /* AppDelegate.h */,
				E9FB82BC1B1311E40036FC94 /* AppDelegate.m */,
				E9FB82BE1B1311E40036FC94 /* ViewController.h */,
				E9FB82BF1B1311E40036FC94 /* ViewController.m */,
				E9FB82C11B1311E40036FC94 /* Main.storyboard */,
				E9FB82C41B1311E40036FC94 /* Images.xcassets */,
				E9FB82C61B1311E40036FC94 /* LaunchScreen.xib */,
				E9FB82B71B1311E40036FC94 /* Supporting Files */,
			);
			path = NewBankNativeApp;
			sourceTree = "<group>";
		};
		E9FB82B71B1311E40036FC94 /* Supporting Files */ = {
			isa = PBXGroup;
			children = (
				E9FB82B81B1311E40036FC94 /* Info.plist */,
				E9FB82B91B1311E40036FC94 /* main.m */,
			);
			name = "Supporting Files";
			sourceTree = "<group>";
		};
		E9FB82D01B1311E40036FC94 /* NewBankNativeAppTests */ = {
			isa = PBXGroup;
			children = (
				E9FB82D31B1311E40036FC94 /* NewBankNativeAppTests.m */,
				E9FB82D11B1311E40036FC94 /* Supporting Files */,
			);
			path = NewBankNativeAppTests;
			sourceTree = "<group>";
		};
		E9FB82D11B1311E40036FC94 /* Supporting Files */ = {
			isa = PBXGroup;
			children = (
				E9FB82D21B1311E40036FC94 /* Info.plist */,
			);
			name = "Supporting Files";
			sourceTree = "<group>";
		};
/* End PBXGroup section */

/* Begin PBXNativeTarget section */
		E9FB82B31B1311E40036FC94 /* NewBankNativeApp */ = {
			isa = PBXNativeTarget;
			buildConfigurationList = E9FB82D71B1311E40036FC94 /* Build configuration list for PBXNativeTarget "NewBankNativeApp" */;
			buildPhases = (
				E9FB82B01B1311E40036FC94 /* Sources */,
				E9FB82B11B1311E40036FC94 /* Frameworks */,
				E9FB82B21B1311E40036FC94 /* Resources */,
			);
			buildRules = (
			);
			dependencies = (
			);
			name = NewBankNativeApp;
			productName = NewBankNativeApp;
			productReference = E9FB82B41B1311E40036FC94 /* NewBankNativeApp.app */;
			productType = "com.apple.product-type.application";
		};
		E9FB82CC1B1311E40036FC94 /* NewBankNativeAppTests */ = {
			isa = PBXNativeTarget;
			buildConfigurationList = E9FB82DA1B1311E40036FC94 /* Build configuration list for PBXNativeTarget "NewBankNativeAppTests" */;
			buildPhases = (
				E9FB82C91B1311E40036FC94 /* Sources */,
				E9FB82CA1B1311E40036FC94 /* Frameworks */,
				E9FB82CB1B1311E40036FC94 /* Resources */,
			);
			buildRules = (
			);
			dependencies = (
				E9FB82CF1B1311E40036FC94 /* PBXTargetDependency */,
			);
			name = NewBankNativeAppTests;
			productName = NewBankNativeAppTests;
			productReference = E9FB82CD1B1311E40036FC94 /* NewBankNativeAppTests.xctest */;
			productType = "com.apple.product-type.bundle.unit-test";
		};
/* End PBXNativeTarget section */

/* Begin PBXProject section */
		E9FB82AC1B1311E40036FC94 /* Project object */ = {
			isa = PBXProject;
			attributes = {
				LastUpgradeCheck = 0630;
				ORGANIZATIONNAME = "Michael Yang";
				TargetAttributes = {
					E9FB82B31B1311E40036FC94 = {
						CreatedOnToolsVersion = 6.3.2;
					};
					E9FB82CC1B1311E40036FC94 = {
						CreatedOnToolsVersion = 6.3.2;
						TestTargetID = E9FB82B31B1311E40036FC94;
					};
				};
			};
			buildConfigurationList = E9FB82AF1B1311E40036FC94 /* Build configuration list for PBXProject "NewBankNativeApp" */;
			compatibilityVersion = "Xcode 3.2";
			developmentRegion = English;
			hasScannedForEncodings = 0;
			knownRegions = (
				en,
				Base,
			);
			mainGroup = E9FB82AB1B1311E40036FC94;
			productRefGroup = E9FB82B51B1311E40036FC94 /* Products */;
			projectDirPath = "";
			projectRoot = "";
			targets = (
				E9FB82B31B1311E40036FC94 /* NewBankNativeApp */,
				E9FB82CC1B1311E40036FC94 /* NewBankNativeAppTests */,
			);
		};
/* End PBXProject section */

/* Begin PBXResourcesBuildPhase section */
		E9FB82B21B1311E40036FC94 /* Resources */ = {
			isa = PBXResourcesBuildPhase;
			buildActionMask = 2147483647;
			files = (
				E9FB82C31B1311E40036FC94 /* Main.storyboard in Resources */,
				E9FB82C81B1311E40036FC94 /* LaunchScreen.xib in Resources */,
				E9FB82C51B1311E40036FC94 /* Images.xcassets in Resources */,
			);
			runOnlyForDeploymentPostprocessing = 0;
		};
		E9FB82CB1B1311E40036FC94 /* Resources */ = {
			isa = PBXResourcesBuildPhase;
			buildActionMask = 2147483647;
			files = (
			);
			runOnlyForDeploymentPostprocessing = 0;
		};
/* End PBXResourcesBuildPhase section */

/* Begin PBXSourcesBuildPhase section */
		E9FB82B01B1311E40036FC94 /* Sources */ = {
			isa = PBXSourcesBuildPhase;
			buildActionMask = 2147483647;
			files = (
				E9FB82C01B1311E40036FC94 /* ViewController.m in Sources */,
				E9FB82BD1B1311E40036FC94 /* AppDelegate.m in Sources */,
				E9FB82BA1B1311E40036FC94 /* main.m in Sources */,
			);
			runOnlyForDeploymentPostprocessing = 0;
		};
		E9FB82C91B1311E40036FC94 /* Sources */ = {
			isa = PBXSourcesBuildPhase;
			buildActionMask = 2147483647;
			files = (
				E9FB82D41B1311E40036FC94 /* NewBankNativeAppTests.m in Sources */,
			);
			runOnlyForDeploymentPostprocessing = 0;
		};
/* End PBXSourcesBuildPhase section */

/* Begin PBXTargetDependency section */
		E9FB82CF1B1311E40036FC94 /* PBXTargetDependency */ = {
			isa = PBXTargetDependency;
			target = E9FB82B31B1311E40036FC94 /* NewBankNativeApp */;
			targetProxy = E9FB82CE1B1311E40036FC94 /* PBXContainerItemProxy */;
		};
/* End PBXTargetDependency section */

/* Begin PBXVariantGroup section */
		E9FB82C11B1311E40036FC94 /* Main.storyboard */ = {
			isa = PBXVariantGroup;
			children = (
				E9FB82C21B1311E40036FC94 /* Base */,
			);
			name = Main.storyboard;
			sourceTree = "<group>";
		};
		E9FB82C61B1311E40036FC94 /* LaunchScreen.xib */ = {
			isa = PBXVariantGroup;
			children = (
				E9FB82C71B1311E40036FC94 /* Base */,
			);
			name = LaunchScreen.xib;
			sourceTree = "<group>";
		};
/* End PBXVariantGroup section */

/* Begin XCBuildConfiguration section */
		E9FB82D51B1311E40036FC94 /* Debug */ = {
			isa = XCBuildConfiguration;
			buildSettings = {
				ALWAYS_SEARCH_USER_PATHS = NO;
				CLANG_CXX_LANGUAGE_STANDARD = "gnu++0x";
				CLANG_CXX_LIBRARY = "libc++";
				CLANG_ENABLE_MODULES = YES;
				CLANG_ENABLE_OBJC_ARC = YES;
				CLANG_WARN_BOOL_CONVERSION = YES;
				CLANG_WARN_CONSTANT_CONVERSION = YES;
				CLANG_WARN_DIRECT_OBJC_ISA_USAGE = YES_ERROR;
				CLANG_WARN_EMPTY_BODY = YES;
				CLANG_WARN_ENUM_CONVERSION = YES;
				CLANG_WARN_INT_CONVERSION = YES;
				CLANG_WARN_OBJC_ROOT_CLASS = YES_ERROR;
				CLANG_WARN_UNREACHABLE_CODE = YES;
				CLANG_WARN__DUPLICATE_METHOD_MATCH = YES;
				"CODE_SIGN_IDENTITY[sdk=iphoneos*]" = "iPhone Developer";
				COPY_PHASE_STRIP = NO;
				DEBUG_INFORMATION_FORMAT = "dwarf-with-dsym";
				ENABLE_STRICT_OBJC_MSGSEND = YES;
				GCC_C_LANGUAGE_STANDARD = gnu99;
				GCC_DYNAMIC_NO_PIC = NO;
				GCC_NO_COMMON_BLOCKS = YES;
				GCC_OPTIMIZATION_LEVEL = 0;
				GCC_PREPROCESSOR_DEFINITIONS = (
					"DEBUG=1",
					"$(inherited)",
				);
				GCC_SYMBOLS_PRIVATE_EXTERN = NO;
				GCC_WARN_64_TO_32_BIT_CONVERSION = YES;
				GCC_WARN_ABOUT_RETURN_TYPE = YES_ERROR;
				GCC_WARN_UNDECLARED_SELECTOR = YES;
				GCC_WARN_UNINITIALIZED_AUTOS = YES_AGGRESSIVE;
				GCC_WARN_UNUSED_FUNCTION = YES;
				GCC_WARN_UNUSED_VARIABLE = YES;
				IPHONEOS_DEPLOYMENT_TARGET = 8.3;
				MTL_ENABLE_DEBUG_INFO = YES;
				ONLY_ACTIVE_ARCH = YES;
				SDKROOT = iphoneos;
				TARGETED_DEVICE_FAMILY = "1,2";
			};
			name = Debug;
		};
		E9FB82D61B1311E40036FC94 /* Release */ = {
			isa = XCBuildConfiguration;
			buildSettings = {
				ALWAYS_SEARCH_USER_PATHS = NO;
				CLANG_CXX_LANGUAGE_STANDARD = "gnu++0x";
				CLANG_CXX_LIBRARY = "libc++";
				CLANG_ENABLE_MODULES = YES;
				CLANG_ENABLE_OBJC_ARC = YES;
				CLANG_WARN_BOOL_CONVERSION = YES;
				CLANG_WARN_CONSTANT_CONVERSION = YES;
				CLANG_WARN_DIRECT_OBJC_ISA_USAGE = YES_ERROR;
				CLANG_WARN_EMPTY_BODY = YES;
				CLANG_WARN_ENUM_CONVERSION = YES;
				CLANG_WARN_INT_CONVERSION = YES;
				CLANG_WARN_OBJC_ROOT_CLASS = YES_ERROR;
				CLANG_WARN_UNREACHABLE_CODE = YES;
				CLANG_WARN__DUPLICATE_METHOD_MATCH = YES;
				"CODE_SIGN_IDENTITY[sdk=iphoneos*]" = "iPhone Developer";
				COPY_PHASE_STRIP = NO;
				DEBUG_INFORMATION_FORMAT = "dwarf-with-dsym";
				ENABLE_NS_ASSERTIONS = NO;
				ENABLE_STRICT_OBJC_MSGSEND = YES;
				GCC_C_LANGUAGE_STANDARD = gnu99;
				GCC_NO_COMMON_BLOCKS = YES;
				GCC_WARN_64_TO_32_BIT_CONVERSION = YES;
				GCC_WARN_ABOUT_RETURN_TYPE = YES_ERROR;
				GCC_WARN_UNDECLARED_SELECTOR = YES;
				GCC_WARN_UNINITIALIZED_AUTOS = YES_AGGRESSIVE;
				GCC_WARN_UNUSED_FUNCTION = YES;
				GCC_WARN_UNUSED_VARIABLE = YES;
				IPHONEOS_DEPLOYMENT_TARGET = 8.3;
				MTL_ENABLE_DEBUG_INFO = NO;
				SDKROOT = iphoneos;
				TARGETED_DEVICE_FAMILY = "1,2";
				VALIDATE_PRODUCT = YES;
			};
			name = Release;
		};
		E9FB82D81B1311E40036FC94 /* Debug */ = {
			isa = XCBuildConfiguration;
			buildSettings = {
				ASSETCATALOG_COMPILER_APPICON_NAME = AppIcon;
				INFOPLIST_FILE = NewBankNativeApp/Info.plist;
				LD_RUNPATH_SEARCH_PATHS = "$(inherited) @executable_path/Frameworks";
				PRODUCT_NAME = "$(TARGET_NAME)";
			};
			name = Debug;
		};
		E9FB82D91B1311E40036FC94 /* Release */ = {
			isa = XCBuildConfiguration;
			buildSettings = {
				ASSETCATALOG_COMPILER_APPICON_NAME = AppIcon;
				INFOPLIST_FILE = NewBankNativeApp/Info.plist;
				LD_RUNPATH_SEARCH_PATHS = "$(inherited) @executable_path/Frameworks";
				PRODUCT_NAME = "$(TARGET_NAME)";
			};
			name = Release;
		};
		E9FB82DB1B1311E40036FC94 /* Debug */ = {
			isa = XCBuildConfiguration;
			buildSettings = {
				BUNDLE_LOADER = "$(TEST_HOST)";
				FRAMEWORK_SEARCH_PATHS = (
					"$(SDKROOT)/Developer/Library/Frameworks",
					"$(inherited)",
				);
				GCC_PREPROCESSOR_DEFINITIONS = (
					"DEBUG=1",
					"$(inherited)",
				);
				INFOPLIST_FILE = NewBankNativeAppTests/Info.plist;
				LD_RUNPATH_SEARCH_PATHS = "$(inherited) @executable_path/Frameworks @loader_path/Frameworks";
				PRODUCT_NAME = "$(TARGET_NAME)";
				TEST_HOST = "$(BUILT_PRODUCTS_DIR)/NewBankNativeApp.app/NewBankNativeApp";
			};
			name = Debug;
		};
		E9FB82DC1B1311E40036FC94 /* Release */ = {
			isa = XCBuildConfiguration;
			buildSettings = {
				BUNDLE_LOADER = "$(TEST_HOST)";
				FRAMEWORK_SEARCH_PATHS = (
					"$(SDKROOT)/Developer/Library/Frameworks",
					"$(inherited)",
				);
				INFOPLIST_FILE = NewBankNativeAppTests/Info.plist;
				LD_RUNPATH_SEARCH_PATHS = "$(inherited) @executable_path/Frameworks @loader_path/Frameworks";
				PRODUCT_NAME = "$(TARGET_NAME)";
				TEST_HOST = "$(BUILT_PRODUCTS_DIR)/NewBankNativeApp.app/NewBankNativeApp";
			};
			name = Release;
		};
/* End XCBuildConfiguration section */

/* Begin XCConfigurationList section */
		E9FB82AF1B1311E40036FC94 /* Build configuration list for PBXProject "NewBankNativeApp" */ = {
			isa = XCConfigurationList;
			buildConfigurations = (
				E9FB82D51B1311E40036FC94 /* Debug */,
				E9FB82D61B1311E40036FC94 /* Release */,
			);
			defaultConfigurationIsVisible = 0;
			defaultConfigurationName = Release;
		};
		E9FB82D71B1311E40036FC94 /* Build configuration list for PBXNativeTarget "NewBankNativeApp" */ = {
			isa = XCConfigurationList;
			buildConfigurations = (
				E9FB82D81B1311E40036FC94 /* Debug */,
				E9FB82D91B1311E40036FC94 /* Release */,
			);
			defaultConfigurationIsVisible = 0;
		};
		E9FB82DA1B1311E40036FC94 /* Build configuration list for PBXNativeTarget "NewBankNativeAppTests" */ = {
			isa = XCConfigurationList;
			buildConfigurations = (
				E9FB82DB1B1311E40036FC94 /* Debug */,
				E9FB82DC1B1311E40036FC94 /* Release */,
			);
			defaultConfigurationIsVisible = 0;
		};
/* End XCConfigurationList section */
	};
	rootObject = E9FB82AC1B1311E40036FC94 /* Project object */;
}
